
Microsoft Visual Studio Solution File, Format Version 10.00
# Visual Studio 2008
Project("{FAE04EC0-301F-11D3-BF4B-00C04F79EFBC}") = "RemoteCreateForm", "RemoteCreateForm\RemoteCreateForm.csproj", "{119C9B0A-21A2-4281-943E-AF24C35F1A10}"
EndProject
Global
	GlobalSection(SolutionConfigurationPlatforms) = preSolution
		Debug|Any CPU = Debug|Any CPU
		Release|Any CPU = Release|Any CPU
	EndGlobalSection
	GlobalSection(ProjectConfigurationPlatforms) = postSolution
		{119C9B0A-21A2-4281-943E-AF24C35F1A10}.Debug|Any CPU.ActiveCfg = Debug|Any CPU
		{119C9B0A-21A2-4281-943E-AF24C35F1A10}.Debug|Any CPU.Build.0 = Debug|Any CPU
		{119C9B0A-21A2-4281-943E-AF24C35F1A10}.Release|Any CPU.ActiveCfg = Release|Any CPU
		{119C9B0A-21A2-4281-943E-AF24C35F1A10}.Release|Any CPU.Build.0 = Release|Any CPU
	EndGlobalSection
	GlobalSection(SolutionProperties) = preSolution
		HideSolutionNode = FALSE
	EndGlobalSection
EndGlobal
